
Microsoft Visual Studio Solution File, Format Version 12.00
# Visual Studio Version 17
VisualStudioVersion = 17.0.31717.71
MinimumVisualStudioVersion = 10.0.40219.1
Project("{A6AF8EDE-853C-41BA-96B7-8B4DFE1792A4}") = "LearningToHack", "ConsoleApp2\LearningToHack.csproj", "{C376929D-F792-4070-AA4A-158C8716F6CE}"
EndProject
Global
	GlobalSection(SolutionConfigurationPlatforms) = preSolution
		Debug|Any CPU = Debug|Any CPU
		Release|Any CPU = Release|Any CPU
	EndGlobalSection
	GlobalSection(ProjectConfigurationPlatforms) = postSolution
		{C376929D-F792-4070-AA4A-158C8716F6CE}.Debug|Any CPU.ActiveCfg = Debug|Any CPU
		{C376929D-F792-4070-AA4A-158C8716F6CE}.Debug|Any CPU.Build.0 = Debug|Any CPU
		{C376929D-F792-4070-AA4A-158C8716F6CE}.Release|Any CPU.ActiveCfg = Release|Any CPU
		{C376929D-F792-4070-AA4A-158C8716F6CE}.Release|Any CPU.Build.0 = Release|Any CPU
	EndGlobalSection
	GlobalSection(SolutionProperties) = preSolution
		HideSolutionNode = FALSE
	EndGlobalSection
	GlobalSection(ExtensibilityGlobals) = postSolution
		SolutionGuid = {2CF3FDDC-1616-44F6-BD3A-F2FE28396F90}
	EndGlobalSection
EndGlobal
